
Microsoft Visual Studio Solution File, Format Version 12.00
# Visual Studio Version 17
VisualStudioVersion = 17.9.34723.18
MinimumVisualStudioVersion = 10.0.40219.1
Project("{FAE04EC0-301F-11D3-BF4B-00C04F79EFBC}") = "KompNiklas", "KompNiklas.csproj", "{C789578F-B3D0-40E5-90A9-36AB93E47590}"
EndProject
Project("{FAE04EC0-301F-11D3-BF4B-00C04F79EFBC}") = "kompMStest", "..\kompMStest\kompMStest.csproj", "{6FD5C21E-408D-4E33-98C6-B5280A2E95DD}"
EndProject
Global
	GlobalSection(SolutionConfigurationPlatforms) = preSolution
		Debug|Any CPU = Debug|Any CPU
		Release|Any CPU = Release|Any CPU
	EndGlobalSection
	GlobalSection(ProjectConfigurationPlatforms) = postSolution
		{C789578F-B3D0-40E5-90A9-36AB93E47590}.Debug|Any CPU.ActiveCfg = Debug|Any CPU
		{C789578F-B3D0-40E5-90A9-36AB93E47590}.Debug|Any CPU.Build.0 = Debug|Any CPU
		{C789578F-B3D0-40E5-90A9-36AB93E47590}.Release|Any CPU.ActiveCfg = Release|Any CPU
		{C789578F-B3D0-40E5-90A9-36AB93E47590}.Release|Any CPU.Build.0 = Release|Any CPU
		{6FD5C21E-408D-4E33-98C6-B5280A2E95DD}.Debug|Any CPU.ActiveCfg = Debug|Any CPU
		{6FD5C21E-408D-4E33-98C6-B5280A2E95DD}.Debug|Any CPU.Build.0 = Debug|Any CPU
		{6FD5C21E-408D-4E33-98C6-B5280A2E95DD}.Release|Any CPU.ActiveCfg = Release|Any CPU
		{6FD5C21E-408D-4E33-98C6-B5280A2E95DD}.Release|Any CPU.Build.0 = Release|Any CPU
	EndGlobalSection
	GlobalSection(SolutionProperties) = preSolution
		HideSolutionNode = FALSE
	EndGlobalSection
	GlobalSection(ExtensibilityGlobals) = postSolution
		SolutionGuid = {06CF4943-C90D-40B6-A15E-1E295351770B}
	EndGlobalSection
EndGlobal
